{
  "name": "create-ts-web-project",
  "version": "1.2.0",
  "lockfileVersion": 3,
  "requires": true,
  "packages": {
    "": {
      "name": "create-ts-web-project",
      "version": "1.2.0",
      "license": "MIT",
      "bin": {
        "create-ts-web-project": "bin/create-ts-web-project.js"
      },
      "devDependencies": {
        "@types/node": "18",
        "typescript": "~5.4.4"
      }
    },
    "node_modules/@types/node": {
      "version": "18.19.29",
      "resolved": "https://registry.npmjs.org/@types/node/-/node-18.19.29.tgz",
      "integrity": "sha512-5pAX7ggTmWZdhUrhRWLPf+5oM7F80bcKVCBbr0zwEkTNzTJL2CWQjznpFgHYy6GrzkYi2Yjy7DHKoynFxqPV8g==",
      "dev": true,
      "dependencies": {
        "undici-types": "~5.26.4"
      }
    },
    "node_modules/typescript": {
      "version": "5.4.4",
      "resolved": "https://registry.npmjs.org/typescript/-/typescript-5.4.4.tgz",
      "integrity": "sha512-dGE2Vv8cpVvw28v8HCPqyb08EzbBURxDpuhJvTrusShUfGnhHBafDsLdS1EhhxyL6BJQE+2cT3dDPAv+MQ6oLw==",
      "dev": true,
      "bin": {
        "tsc": "bin/tsc",
        "tsserver": "bin/tsserver"
      },
      "engines": {
        "node": ">=14.17"
      }
    },
    "node_modules/undici-types": {
      "version": "5.26.5",
      "resolved": "https://registry.npmjs.org/undici-types/-/undici-types-5.26.5.tgz",
      "integrity": "sha512-JlCMO+ehdEIKqlFxk6IfVoAUVmgz7cU7zD/h9XZ0qzeosSHmUJVOzSQvvYSYWXkFXC+IfLKSIffhv0sVZup6pA==",
      "dev": true
    }
  }
}
