{
  "name": "create-ts-web-project",
  "version": "1.2.0",
  "lockfileVersion": 3,
  "requires": true,
  "packages": {
    "": {
      "name": "create-ts-web-project",
      "version": "1.2.0",
      "license": "MIT",
      "bin": {
        "create-ts-web-project": "bin/create-ts-web-project.js"
      },
      "devDependencies": {
        "@types/node": "20",
        "typescript": "~5.8.2"
      }
    },
    "node_modules/@types/node": {
      "version": "20.17.23",
      "resolved": "https://registry.npmjs.org/@types/node/-/node-20.17.23.tgz",
      "integrity": "sha512-8PCGZ1ZJbEZuYNTMqywO+Sj4vSKjSjT6Ua+6RFOYlEvIvKQABPtrNkoVSLSKDb4obYcMhspVKmsw8Cm10NFRUg==",
      "dev": true,
      "license": "MIT",
      "dependencies": {
        "undici-types": "~6.19.2"
      }
    },
    "node_modules/typescript": {
      "version": "5.8.2",
      "resolved": "https://registry.npmjs.org/typescript/-/typescript-5.8.2.tgz",
      "integrity": "sha512-aJn6wq13/afZp/jT9QZmwEjDqqvSGp1VT5GVg+f/t6/oVyrgXM6BY1h9BRh/O5p3PlUPAe+WuiEZOmb/49RqoQ==",
      "dev": true,
      "license": "Apache-2.0",
      "bin": {
        "tsc": "bin/tsc",
        "tsserver": "bin/tsserver"
      },
      "engines": {
        "node": ">=14.17"
      }
    },
    "node_modules/undici-types": {
      "version": "6.19.8",
      "resolved": "https://registry.npmjs.org/undici-types/-/undici-types-6.19.8.tgz",
      "integrity": "sha512-ve2KP6f/JnbPBFyobGHuerC9g1FYGn/F8n1LWTwNxCEzd6IfqTwUQcNXgEtmmQ6DlRrC1hrSrBnCZPokRrDHjw==",
      "dev": true,
      "license": "MIT"
    }
  }
}
